
Microsoft Visual Studio Solution File, Format Version 12.00
# Visual Studio 15
VisualStudioVersion = 15.0.28307.168
MinimumVisualStudioVersion = 10.0.40219.1
Project("{FAE04EC0-301F-11D3-BF4B-00C04F79EFBC}") = "UNIPROJECT(FZ)", "UNIPROJECT(FZ)\UNIPROJECT(FZ).csproj", "{3DE2952A-C259-40E8-8793-F23E61B682B9}"
EndProject
Global
	GlobalSection(SolutionConfigurationPlatforms) = preSolution
		Debug|Any CPU = Debug|Any CPU
		Release|Any CPU = Release|Any CPU
	EndGlobalSection
	GlobalSection(ProjectConfigurationPlatforms) = postSolution
		{3DE2952A-C259-40E8-8793-F23E61B682B9}.Debug|Any CPU.ActiveCfg = Debug|Any CPU
		{3DE2952A-C259-40E8-8793-F23E61B682B9}.Debug|Any CPU.Build.0 = Debug|Any CPU
		{3DE2952A-C259-40E8-8793-F23E61B682B9}.Release|Any CPU.ActiveCfg = Release|Any CPU
		{3DE2952A-C259-40E8-8793-F23E61B682B9}.Release|Any CPU.Build.0 = Release|Any CPU
	EndGlobalSection
	GlobalSection(SolutionProperties) = preSolution
		HideSolutionNode = FALSE
	EndGlobalSection
	GlobalSection(ExtensibilityGlobals) = postSolution
		SolutionGuid = {BF6D2C8D-C8D7-4372-9BFE-90A4E027C921}
	EndGlobalSection
EndGlobal
